
Microsoft Visual Studio Solution File, Format Version 12.00
# Visual Studio 15
VisualStudioVersion = 15.0.27703.2035
MinimumVisualStudioVersion = 10.0.40219.1
Project("{FAE04EC0-301F-11D3-BF4B-00C04F79EFBC}") = "Dashboard_password_generator", "Dashboard_password_generator\Dashboard_password_generator.csproj", "{2AC423D9-82F9-4DDE-A52C-7EFE8484F826}"
EndProject
Global
	GlobalSection(SolutionConfigurationPlatforms) = preSolution
		Debug|Any CPU = Debug|Any CPU
		Release|Any CPU = Release|Any CPU
	EndGlobalSection
	GlobalSection(ProjectConfigurationPlatforms) = postSolution
		{2AC423D9-82F9-4DDE-A52C-7EFE8484F826}.Debug|Any CPU.ActiveCfg = Release|Any CPU
		{2AC423D9-82F9-4DDE-A52C-7EFE8484F826}.Debug|Any CPU.Build.0 = Release|Any CPU
		{2AC423D9-82F9-4DDE-A52C-7EFE8484F826}.Release|Any CPU.ActiveCfg = Release|Any CPU
		{2AC423D9-82F9-4DDE-A52C-7EFE8484F826}.Release|Any CPU.Build.0 = Release|Any CPU
	EndGlobalSection
	GlobalSection(SolutionProperties) = preSolution
		HideSolutionNode = FALSE
	EndGlobalSection
	GlobalSection(ExtensibilityGlobals) = postSolution
		SolutionGuid = {D239820A-9F98-435A-9F2D-2BA6E24EC989}
	EndGlobalSection
EndGlobal
